{
    "_readme": [
        "This file locks the dependencies of your project to a known state",
        "Read more about it at https://getcomposer.org/doc/01-basic-usage.md#installing-dependencies",
        "This file is @generated automatically"
    ],
    "content-hash": "490f7616770520eeff9bf70038e74d89",
    "packages": [
        {
            "name": "oriatec/ofxparser",
            "version": "v1.1.0",
            "source": {
                "type": "git",
                "url": "https://github.com/ORIATEC/ofxparser.git",
                "reference": "a0a0db4d8954736eed594591ad82aca0c380795d"
            },
            "dist": {
                "type": "zip",
                "url": "https://api.github.com/repos/ORIATEC/ofxparser/zipball/a0a0db4d8954736eed594591ad82aca0c380795d",
                "reference": "a0a0db4d8954736eed594591ad82aca0c380795d",
                "shasum": ""
            },
            "require": {
                "php": "~7.4|^8.0|^8.1"
            },
            "require-dev": {
                "phpunit/phpunit": "~9.6",
                "squizlabs/php_codesniffer": "^3.7"
            },
            "type": "library",
            "autoload": {
                "psr-0": {
                    "OfxParser": "lib/"
                }
            },
            "notification-url": "https://packagist.org/downloads/",
            "license": [
                "MIT"
            ],
            "authors": [
                {
                    "name": "Guillaume Bailleul",
                    "email": "contact@guillaume-bailleul.fr",
                    "homepage": "http://www.guillaume-bailleul.fr"
                },
                {
                    "name": "James Titcumb",
                    "email": "hello@jamestitcumb.com",
                    "homepage": "http://www.jamestitcumb.com/"
                },
                {
                    "name": "Oliver Lowe",
                    "email": "mrtriangle@gmail.com"
                },
                {
                    "name": "Thibaud DELOBELLE",
                    "email": "thibaud.delobelle@oriatec.fr"
                }
            ],
            "description": "Simple OFX file parser",
            "keywords": [
                "finance",
                "ofx",
                "open financial exchange",
                "parser"
            ],
            "support": {
                "issues": "https://github.com/ORIATEC/ofxparser/issues",
                "source": "https://github.com/ORIATEC/ofxparser/tree/v1.1.0"
            },
            "time": "2023-07-03T21:55:26+00:00"
        }
    ],
    "packages-dev": [],
    "aliases": [],
    "minimum-stability": "stable",
    "stability-flags": [],
    "prefer-stable": false,
    "prefer-lowest": false,
    "platform": [],
    "platform-dev": [],
    "plugin-api-version": "2.6.0"
}
